// !$*UTF8*$!
{
	archiveVersion = 1;
	classes = {
	};
	objectVersion = 56;
	objects = {

/* Begin PBXBuildFile section */
		F9BEEF3F2BE5FBA100378DD9 /* SaveGame.swift in Sources */ = {isa = PBXBuildFile; fileRef = F9BEEF3E2BE5FBA100378DD9 /* SaveGame.swift */; };
		F9BEEF432BE602C700378DD9 /* Lua in Frameworks */ = {isa = PBXBuildFile; productRef = F9BEEF422BE602C700378DD9 /* Lua */; };
		F9FA18AE2BDF18EE00642403 /* Balatro_HelperTests.swift in Sources */ = {isa = PBXBuildFile; fileRef = F9FA18AD2BDF18EE00642403 /* Balatro_HelperTests.swift */; };
		F9FA18B52BDF1EA200642403 /* PokerHand.swift in Sources */ = {isa = PBXBuildFile; fileRef = F9FA18B42BDF1EA200642403 /* PokerHand.swift */; };
		F9FD38682BDF052A00AE2A9E /* Balatro_HelperApp.swift in Sources */ = {isa = PBXBuildFile; fileRef = F9FD38672BDF052A00AE2A9E /* Balatro_HelperApp.swift */; };
		F9FD386A2BDF052A00AE2A9E /* ContentView.swift in Sources */ = {isa = PBXBuildFile; fileRef = F9FD38692BDF052A00AE2A9E /* ContentView.swift */; };
		F9FD386C2BDF052B00AE2A9E /* Assets.xcassets in Resources */ = {isa = PBXBuildFile; fileRef = F9FD386B2BDF052B00AE2A9E /* Assets.xcassets */; };
		F9FD38702BDF052B00AE2A9E /* Preview Assets.xcassets in Resources */ = {isa = PBXBuildFile; fileRef = F9FD386F2BDF052B00AE2A9E /* Preview Assets.xcassets */; };
		F9FD38772BDF056400AE2A9E /* Card.swift in Sources */ = {isa = PBXBuildFile; fileRef = F9FD38762BDF056400AE2A9E /* Card.swift */; };
		F9FD38792BDF11E500AE2A9E /* Combination.swift in Sources */ = {isa = PBXBuildFile; fileRef = F9FD38782BDF11E500AE2A9E /* Combination.swift */; };
/* End PBXBuildFile section */

/* Begin PBXContainerItemProxy section */
		F9FA18AF2BDF18EE00642403 /* PBXContainerItemProxy */ = {
			isa = PBXContainerItemProxy;
			containerPortal = F9FD385C2BDF052A00AE2A9E /* Project object */;
			proxyType = 1;
			remoteGlobalIDString = F9FD38632BDF052A00AE2A9E;
			remoteInfo = "Balatro Helper";
		};
/* End PBXContainerItemProxy section */

/* Begin PBXFileReference section */
		F9BEEF3E2BE5FBA100378DD9 /* SaveGame.swift */ = {isa = PBXFileReference; lastKnownFileType = sourcecode.swift; path = SaveGame.swift; sourceTree = "<group>"; };
		F9FA18AB2BDF18EE00642403 /* Balatro HelperTests.xctest */ = {isa = PBXFileReference; explicitFileType = wrapper.cfbundle; includeInIndex = 0; path = "Balatro HelperTests.xctest"; sourceTree = BUILT_PRODUCTS_DIR; };
		F9FA18AD2BDF18EE00642403 /* Balatro_HelperTests.swift */ = {isa = PBXFileReference; lastKnownFileType = sourcecode.swift; path = Balatro_HelperTests.swift; sourceTree = "<group>"; };
		F9FA18B42BDF1EA200642403 /* PokerHand.swift */ = {isa = PBXFileReference; lastKnownFileType = sourcecode.swift; path = PokerHand.swift; sourceTree = "<group>"; };
		F9FD38642BDF052A00AE2A9E /* Balatro Helper.app */ = {isa = PBXFileReference; explicitFileType = wrapper.application; includeInIndex = 0; path = "Balatro Helper.app"; sourceTree = BUILT_PRODUCTS_DIR; };
		F9FD38672BDF052A00AE2A9E /* Balatro_HelperApp.swift */ = {isa = PBXFileReference; lastKnownFileType = sourcecode.swift; path = Balatro_HelperApp.swift; sourceTree = "<group>"; };
		F9FD38692BDF052A00AE2A9E /* ContentView.swift */ = {isa = PBXFileReference; lastKnownFileType = sourcecode.swift; path = ContentView.swift; sourceTree = "<group>"; };
		F9FD386B2BDF052B00AE2A9E /* Assets.xcassets */ = {isa = PBXFileReference; lastKnownFileType = folder.assetcatalog; path = Assets.xcassets; sourceTree = "<group>"; };
		F9FD386D2BDF052B00AE2A9E /* Balatro_Helper.entitlements */ = {isa = PBXFileReference; lastKnownFileType = text.plist.entitlements; path = Balatro_Helper.entitlements; sourceTree = "<group>"; };
		F9FD386F2BDF052B00AE2A9E /* Preview Assets.xcassets */ = {isa = PBXFileReference; lastKnownFileType = folder.assetcatalog; path = "Preview Assets.xcassets"; sourceTree = "<group>"; };
		F9FD38762BDF056400AE2A9E /* Card.swift */ = {isa = PBXFileReference; lastKnownFileType = sourcecode.swift; path = Card.swift; sourceTree = "<group>"; };
		F9FD38782BDF11E500AE2A9E /* Combination.swift */ = {isa = PBXFileReference; lastKnownFileType = sourcecode.swift; path = Combination.swift; sourceTree = "<group>"; };
/* End PBXFileReference section */

/* Begin PBXFrameworksBuildPhase section */
		F9FA18A82BDF18EE00642403 /* Frameworks */ = {
			isa = PBXFrameworksBuildPhase;
			buildActionMask = 2147483647;
			files = (
			);
			runOnlyForDeploymentPostprocessing = 0;
		};
		F9FD38612BDF052A00AE2A9E /* Frameworks */ = {
			isa = PBXFrameworksBuildPhase;
			buildActionMask = 2147483647;
			files = (
				F9BEEF432BE602C700378DD9 /* Lua in Frameworks */,
			);
			runOnlyForDeploymentPostprocessing = 0;
		};
/* End PBXFrameworksBuildPhase section */

/* Begin PBXGroup section */
		F9BEEF412BE602C700378DD9 /* Frameworks */ = {
			isa = PBXGroup;
			children = (
			);
			name = Frameworks;
			sourceTree = "<group>";
		};
		F9FA18AC2BDF18EE00642403 /* Balatro HelperTests */ = {
			isa = PBXGroup;
			children = (
				F9FA18AD2BDF18EE00642403 /* Balatro_HelperTests.swift */,
			);
			path = "Balatro HelperTests";
			sourceTree = "<group>";
		};
		F9FD385B2BDF052A00AE2A9E = {
			isa = PBXGroup;
			children = (
				F9FD38662BDF052A00AE2A9E /* Balatro Helper */,
				F9FA18AC2BDF18EE00642403 /* Balatro HelperTests */,
				F9FD38652BDF052A00AE2A9E /* Products */,
				F9BEEF412BE602C700378DD9 /* Frameworks */,
			);
			sourceTree = "<group>";
		};
		F9FD38652BDF052A00AE2A9E /* Products */ = {
			isa = PBXGroup;
			children = (
				F9FD38642BDF052A00AE2A9E /* Balatro Helper.app */,
				F9FA18AB2BDF18EE00642403 /* Balatro HelperTests.xctest */,
			);
			name = Products;
			sourceTree = "<group>";
		};
		F9FD38662BDF052A00AE2A9E /* Balatro Helper */ = {
			isa = PBXGroup;
			children = (
				F9FD38672BDF052A00AE2A9E /* Balatro_HelperApp.swift */,
				F9FD38692BDF052A00AE2A9E /* ContentView.swift */,
				F9FD38762BDF056400AE2A9E /* Card.swift */,
				F9BEEF3E2BE5FBA100378DD9 /* SaveGame.swift */,
				F9FA18B42BDF1EA200642403 /* PokerHand.swift */,
				F9FD38782BDF11E500AE2A9E /* Combination.swift */,
				F9FD386B2BDF052B00AE2A9E /* Assets.xcassets */,
				F9FD386D2BDF052B00AE2A9E /* Balatro_Helper.entitlements */,
				F9FD386E2BDF052B00AE2A9E /* Preview Content */,
			);
			path = "Balatro Helper";
			sourceTree = "<group>";
		};
		F9FD386E2BDF052B00AE2A9E /* Preview Content */ = {
			isa = PBXGroup;
			children = (
				F9FD386F2BDF052B00AE2A9E /* Preview Assets.xcassets */,
			);
			path = "Preview Content";
			sourceTree = "<group>";
		};
/* End PBXGroup section */

/* Begin PBXNativeTarget section */
		F9FA18AA2BDF18EE00642403 /* Balatro HelperTests */ = {
			isa = PBXNativeTarget;
			buildConfigurationList = F9FA18B32BDF18EE00642403 /* Build configuration list for PBXNativeTarget "Balatro HelperTests" */;
			buildPhases = (
				F9FA18A72BDF18EE00642403 /* Sources */,
				F9FA18A82BDF18EE00642403 /* Frameworks */,
				F9FA18A92BDF18EE00642403 /* Resources */,
			);
			buildRules = (
			);
			dependencies = (
				F9FA18B02BDF18EE00642403 /* PBXTargetDependency */,
			);
			name = "Balatro HelperTests";
			productName = "Balatro HelperTests";
			productReference = F9FA18AB2BDF18EE00642403 /* Balatro HelperTests.xctest */;
			productType = "com.apple.product-type.bundle.unit-test";
		};
		F9FD38632BDF052A00AE2A9E /* Balatro Helper */ = {
			isa = PBXNativeTarget;
			buildConfigurationList = F9FD38732BDF052B00AE2A9E /* Build configuration list for PBXNativeTarget "Balatro Helper" */;
			buildPhases = (
				F9FD38602BDF052A00AE2A9E /* Sources */,
				F9FD38612BDF052A00AE2A9E /* Frameworks */,
				F9FD38622BDF052A00AE2A9E /* Resources */,
			);
			buildRules = (
			);
			dependencies = (
			);
			name = "Balatro Helper";
			packageProductDependencies = (
				F9BEEF422BE602C700378DD9 /* Lua */,
			);
			productName = "Balatro Helper";
			productReference = F9FD38642BDF052A00AE2A9E /* Balatro Helper.app */;
			productType = "com.apple.product-type.application";
		};
/* End PBXNativeTarget section */

/* Begin PBXProject section */
		F9FD385C2BDF052A00AE2A9E /* Project object */ = {
			isa = PBXProject;
			attributes = {
				BuildIndependentTargetsInParallel = 1;
				LastSwiftUpdateCheck = 1530;
				LastUpgradeCheck = 1530;
				TargetAttributes = {
					F9FA18AA2BDF18EE00642403 = {
						CreatedOnToolsVersion = 15.3;
						TestTargetID = F9FD38632BDF052A00AE2A9E;
					};
					F9FD38632BDF052A00AE2A9E = {
						CreatedOnToolsVersion = 15.3;
					};
				};
			};
			buildConfigurationList = F9FD385F2BDF052A00AE2A9E /* Build configuration list for PBXProject "Balatro Helper" */;
			compatibilityVersion = "Xcode 14.0";
			developmentRegion = en;
			hasScannedForEncodings = 0;
			knownRegions = (
				en,
				Base,
			);
			mainGroup = F9FD385B2BDF052A00AE2A9E;
			packageReferences = (
				F9BEEF402BE602A300378DD9 /* XCRemoteSwiftPackageReference "LuaSwift" */,
			);
			productRefGroup = F9FD38652BDF052A00AE2A9E /* Products */;
			projectDirPath = "";
			projectRoot = "";
			targets = (
				F9FD38632BDF052A00AE2A9E /* Balatro Helper */,
				F9FA18AA2BDF18EE00642403 /* Balatro HelperTests */,
			);
		};
/* End PBXProject section */

/* Begin PBXResourcesBuildPhase section */
		F9FA18A92BDF18EE00642403 /* Resources */ = {
			isa = PBXResourcesBuildPhase;
			buildActionMask = 2147483647;
			files = (
			);
			runOnlyForDeploymentPostprocessing = 0;
		};
		F9FD38622BDF052A00AE2A9E /* Resources */ = {
			isa = PBXResourcesBuildPhase;
			buildActionMask = 2147483647;
			files = (
				F9FD38702BDF052B00AE2A9E /* Preview Assets.xcassets in Resources */,
				F9FD386C2BDF052B00AE2A9E /* Assets.xcassets in Resources */,
			);
			runOnlyForDeploymentPostprocessing = 0;
		};
/* End PBXResourcesBuildPhase section */

/* Begin PBXSourcesBuildPhase section */
		F9FA18A72BDF18EE00642403 /* Sources */ = {
			isa = PBXSourcesBuildPhase;
			buildActionMask = 2147483647;
			files = (
				F9FA18AE2BDF18EE00642403 /* Balatro_HelperTests.swift in Sources */,
			);
			runOnlyForDeploymentPostprocessing = 0;
		};
		F9FD38602BDF052A00AE2A9E /* Sources */ = {
			isa = PBXSourcesBuildPhase;
			buildActionMask = 2147483647;
			files = (
				F9FA18B52BDF1EA200642403 /* PokerHand.swift in Sources */,
				F9FD386A2BDF052A00AE2A9E /* ContentView.swift in Sources */,
				F9FD38772BDF056400AE2A9E /* Card.swift in Sources */,
				F9FD38682BDF052A00AE2A9E /* Balatro_HelperApp.swift in Sources */,
				F9BEEF3F2BE5FBA100378DD9 /* SaveGame.swift in Sources */,
				F9FD38792BDF11E500AE2A9E /* Combination.swift in Sources */,
			);
			runOnlyForDeploymentPostprocessing = 0;
		};
/* End PBXSourcesBuildPhase section */

/* Begin PBXTargetDependency section */
		F9FA18B02BDF18EE00642403 /* PBXTargetDependency */ = {
			isa = PBXTargetDependency;
			target = F9FD38632BDF052A00AE2A9E /* Balatro Helper */;
			targetProxy = F9FA18AF2BDF18EE00642403 /* PBXContainerItemProxy */;
		};
/* End PBXTargetDependency section */

/* Begin XCBuildConfiguration section */
		F9FA18B12BDF18EE00642403 /* Debug */ = {
			isa = XCBuildConfiguration;
			buildSettings = {
				BUNDLE_LOADER = "$(TEST_HOST)";
				CODE_SIGN_STYLE = Automatic;
				CURRENT_PROJECT_VERSION = 1;
				DEVELOPMENT_TEAM = M2A5Q8WGD8;
				GENERATE_INFOPLIST_FILE = YES;
				IPHONEOS_DEPLOYMENT_TARGET = 17.4;
				MACOSX_DEPLOYMENT_TARGET = 14.1;
				MARKETING_VERSION = 1.0;
				PRODUCT_BUNDLE_IDENTIFIER = "com.rickb.Balatro-HelperTests";
				PRODUCT_NAME = "$(TARGET_NAME)";
				SDKROOT = auto;
				SUPPORTED_PLATFORMS = "iphoneos iphonesimulator macosx";
				SWIFT_EMIT_LOC_STRINGS = NO;
				SWIFT_VERSION = 5.0;
				TARGETED_DEVICE_FAMILY = "1,2";
				TEST_HOST = "$(BUILT_PRODUCTS_DIR)/Balatro Helper.app/$(BUNDLE_EXECUTABLE_FOLDER_PATH)/Balatro Helper";
			};
			name = Debug;
		};
		F9FA18B22BDF18EE00642403 /* Release */ = {
			isa = XCBuildConfiguration;
			buildSettings = {
				BUNDLE_LOADER = "$(TEST_HOST)";
				CODE_SIGN_STYLE = Automatic;
				CURRENT_PROJECT_VERSION = 1;
				DEVELOPMENT_TEAM = M2A5Q8WGD8;
				GENERATE_INFOPLIST_FILE = YES;
				IPHONEOS_DEPLOYMENT_TARGET = 17.4;
				MACOSX_DEPLOYMENT_TARGET = 14.1;
				MARKETING_VERSION = 1.0;
				PRODUCT_BUNDLE_IDENTIFIER = "com.rickb.Balatro-HelperTests";
				PRODUCT_NAME = "$(TARGET_NAME)";
				SDKROOT = auto;
				SUPPORTED_PLATFORMS = "iphoneos iphonesimulator macosx";
				SWIFT_EMIT_LOC_STRINGS = NO;
				SWIFT_VERSION = 5.0;
				TARGETED_DEVICE_FAMILY = "1,2";
				TEST_HOST = "$(BUILT_PRODUCTS_DIR)/Balatro Helper.app/$(BUNDLE_EXECUTABLE_FOLDER_PATH)/Balatro Helper";
			};
			name = Release;
		};
		F9FD38712BDF052B00AE2A9E /* Debug */ = {
			isa = XCBuildConfiguration;
			buildSettings = {
				ALWAYS_SEARCH_USER_PATHS = NO;
				ASSETCATALOG_COMPILER_GENERATE_SWIFT_ASSET_SYMBOL_EXTENSIONS = YES;
				CLANG_ANALYZER_NONNULL = YES;
				CLANG_ANALYZER_NUMBER_OBJECT_CONVERSION = YES_AGGRESSIVE;
				CLANG_CXX_LANGUAGE_STANDARD = "gnu++20";
				CLANG_ENABLE_MODULES = YES;
				CLANG_ENABLE_OBJC_ARC = YES;
				CLANG_ENABLE_OBJC_WEAK = YES;
				CLANG_WARN_BLOCK_CAPTURE_AUTORELEASING = YES;
				CLANG_WARN_BOOL_CONVERSION = YES;
				CLANG_WARN_COMMA = YES;
				CLANG_WARN_CONSTANT_CONVERSION = YES;
				CLANG_WARN_DEPRECATED_OBJC_IMPLEMENTATIONS = YES;
				CLANG_WARN_DIRECT_OBJC_ISA_USAGE = YES_ERROR;
				CLANG_WARN_DOCUMENTATION_COMMENTS = YES;
				CLANG_WARN_EMPTY_BODY = YES;
				CLANG_WARN_ENUM_CONVERSION = YES;
				CLANG_WARN_INFINITE_RECURSION = YES;
				CLANG_WARN_INT_CONVERSION = YES;
				CLANG_WARN_NON_LITERAL_NULL_CONVERSION = YES;
				CLANG_WARN_OBJC_IMPLICIT_RETAIN_SELF = YES;
				CLANG_WARN_OBJC_LITERAL_CONVERSION = YES;
				CLANG_WARN_OBJC_ROOT_CLASS = YES_ERROR;
				CLANG_WARN_QUOTED_INCLUDE_IN_FRAMEWORK_HEADER = YES;
				CLANG_WARN_RANGE_LOOP_ANALYSIS = YES;
				CLANG_WARN_STRICT_PROTOTYPES = YES;
				CLANG_WARN_SUSPICIOUS_MOVE = YES;
				CLANG_WARN_UNGUARDED_AVAILABILITY = YES_AGGRESSIVE;
				CLANG_WARN_UNREACHABLE_CODE = YES;
				CLANG_WARN__DUPLICATE_METHOD_MATCH = YES;
				COPY_PHASE_STRIP = NO;
				DEBUG_INFORMATION_FORMAT = dwarf;
				ENABLE_STRICT_OBJC_MSGSEND = YES;
				ENABLE_TESTABILITY = YES;
				ENABLE_USER_SCRIPT_SANDBOXING = YES;
				GCC_C_LANGUAGE_STANDARD = gnu17;
				GCC_DYNAMIC_NO_PIC = NO;
				GCC_NO_COMMON_BLOCKS = YES;
				GCC_OPTIMIZATION_LEVEL = 0;
				GCC_PREPROCESSOR_DEFINITIONS = (
					"DEBUG=1",
					"$(inherited)",
				);
				GCC_WARN_64_TO_32_BIT_CONVERSION = YES;
				GCC_WARN_ABOUT_RETURN_TYPE = YES_ERROR;
				GCC_WARN_UNDECLARED_SELECTOR = YES;
				GCC_WARN_UNINITIALIZED_AUTOS = YES_AGGRESSIVE;
				GCC_WARN_UNUSED_FUNCTION = YES;
				GCC_WARN_UNUSED_VARIABLE = YES;
				LOCALIZATION_PREFERS_STRING_CATALOGS = YES;
				MTL_ENABLE_DEBUG_INFO = INCLUDE_SOURCE;
				MTL_FAST_MATH = YES;
				ONLY_ACTIVE_ARCH = YES;
				SWIFT_ACTIVE_COMPILATION_CONDITIONS = "DEBUG $(inherited)";
				SWIFT_OPTIMIZATION_LEVEL = "-Onone";
			};
			name = Debug;
		};
		F9FD38722BDF052B00AE2A9E /* Release */ = {
			isa = XCBuildConfiguration;
			buildSettings = {
				ALWAYS_SEARCH_USER_PATHS = NO;
				ASSETCATALOG_COMPILER_GENERATE_SWIFT_ASSET_SYMBOL_EXTENSIONS = YES;
				CLANG_ANALYZER_NONNULL = YES;
				CLANG_ANALYZER_NUMBER_OBJECT_CONVERSION = YES_AGGRESSIVE;
				CLANG_CXX_LANGUAGE_STANDARD = "gnu++20";
				CLANG_ENABLE_MODULES = YES;
				CLANG_ENABLE_OBJC_ARC = YES;
				CLANG_ENABLE_OBJC_WEAK = YES;
				CLANG_WARN_BLOCK_CAPTURE_AUTORELEASING = YES;
				CLANG_WARN_BOOL_CONVERSION = YES;
				CLANG_WARN_COMMA = YES;
				CLANG_WARN_CONSTANT_CONVERSION = YES;
				CLANG_WARN_DEPRECATED_OBJC_IMPLEMENTATIONS = YES;
				CLANG_WARN_DIRECT_OBJC_ISA_USAGE = YES_ERROR;
				CLANG_WARN_DOCUMENTATION_COMMENTS = YES;
				CLANG_WARN_EMPTY_BODY = YES;
				CLANG_WARN_ENUM_CONVERSION = YES;
				CLANG_WARN_INFINITE_RECURSION = YES;
				CLANG_WARN_INT_CONVERSION = YES;
				CLANG_WARN_NON_LITERAL_NULL_CONVERSION = YES;
				CLANG_WARN_OBJC_IMPLICIT_RETAIN_SELF = YES;
				CLANG_WARN_OBJC_LITERAL_CONVERSION = YES;
				CLANG_WARN_OBJC_ROOT_CLASS = YES_ERROR;
				CLANG_WARN_QUOTED_INCLUDE_IN_FRAMEWORK_HEADER = YES;
				CLANG_WARN_RANGE_LOOP_ANALYSIS = YES;
				CLANG_WARN_STRICT_PROTOTYPES = YES;
				CLANG_WARN_SUSPICIOUS_MOVE = YES;
				CLANG_WARN_UNGUARDED_AVAILABILITY = YES_AGGRESSIVE;
				CLANG_WARN_UNREACHABLE_CODE = YES;
				CLANG_WARN__DUPLICATE_METHOD_MATCH = YES;
				COPY_PHASE_STRIP = NO;
				DEBUG_INFORMATION_FORMAT = "dwarf-with-dsym";
				ENABLE_NS_ASSERTIONS = NO;
				ENABLE_STRICT_OBJC_MSGSEND = YES;
				ENABLE_USER_SCRIPT_SANDBOXING = YES;
				GCC_C_LANGUAGE_STANDARD = gnu17;
				GCC_NO_COMMON_BLOCKS = YES;
				GCC_WARN_64_TO_32_BIT_CONVERSION = YES;
				GCC_WARN_ABOUT_RETURN_TYPE = YES_ERROR;
				GCC_WARN_UNDECLARED_SELECTOR = YES;
				GCC_WARN_UNINITIALIZED_AUTOS = YES_AGGRESSIVE;
				GCC_WARN_UNUSED_FUNCTION = YES;
				GCC_WARN_UNUSED_VARIABLE = YES;
				LOCALIZATION_PREFERS_STRING_CATALOGS = YES;
				MTL_ENABLE_DEBUG_INFO = NO;
				MTL_FAST_MATH = YES;
				SWIFT_COMPILATION_MODE = wholemodule;
			};
			name = Release;
		};
		F9FD38742BDF052B00AE2A9E /* Debug */ = {
			isa = XCBuildConfiguration;
			buildSettings = {
				ASSETCATALOG_COMPILER_APPICON_NAME = AppIcon;
				ASSETCATALOG_COMPILER_GLOBAL_ACCENT_COLOR_NAME = AccentColor;
				CODE_SIGN_ENTITLEMENTS = "Balatro Helper/Balatro_Helper.entitlements";
				CODE_SIGN_STYLE = Automatic;
				CURRENT_PROJECT_VERSION = 1;
				DEVELOPMENT_ASSET_PATHS = "\"Balatro Helper/Preview Content\"";
				DEVELOPMENT_TEAM = M2A5Q8WGD8;
				ENABLE_HARDENED_RUNTIME = YES;
				ENABLE_PREVIEWS = YES;
				GENERATE_INFOPLIST_FILE = YES;
				"INFOPLIST_KEY_UIApplicationSceneManifest_Generation[sdk=iphoneos*]" = YES;
				"INFOPLIST_KEY_UIApplicationSceneManifest_Generation[sdk=iphonesimulator*]" = YES;
				"INFOPLIST_KEY_UIApplicationSupportsIndirectInputEvents[sdk=iphoneos*]" = YES;
				"INFOPLIST_KEY_UIApplicationSupportsIndirectInputEvents[sdk=iphonesimulator*]" = YES;
				"INFOPLIST_KEY_UILaunchScreen_Generation[sdk=iphoneos*]" = YES;
				"INFOPLIST_KEY_UILaunchScreen_Generation[sdk=iphonesimulator*]" = YES;
				"INFOPLIST_KEY_UIStatusBarStyle[sdk=iphoneos*]" = UIStatusBarStyleDefault;
				"INFOPLIST_KEY_UIStatusBarStyle[sdk=iphonesimulator*]" = UIStatusBarStyleDefault;
				INFOPLIST_KEY_UISupportedInterfaceOrientations_iPad = "UIInterfaceOrientationPortrait UIInterfaceOrientationPortraitUpsideDown UIInterfaceOrientationLandscapeLeft UIInterfaceOrientationLandscapeRight";
				INFOPLIST_KEY_UISupportedInterfaceOrientations_iPhone = "UIInterfaceOrientationPortrait UIInterfaceOrientationLandscapeLeft UIInterfaceOrientationLandscapeRight";
				IPHONEOS_DEPLOYMENT_TARGET = 17.4;
				LD_RUNPATH_SEARCH_PATHS = "@executable_path/Frameworks";
				"LD_RUNPATH_SEARCH_PATHS[sdk=macosx*]" = "@executable_path/../Frameworks";
				MACOSX_DEPLOYMENT_TARGET = 14.1;
				MARKETING_VERSION = 1.0;
				PRODUCT_BUNDLE_IDENTIFIER = "com.rickb.Balatro-Helper";
				PRODUCT_NAME = "$(TARGET_NAME)";
				SDKROOT = auto;
				SUPPORTED_PLATFORMS = "iphoneos iphonesimulator macosx";
				SWIFT_EMIT_LOC_STRINGS = YES;
				SWIFT_VERSION = 5.0;
				TARGETED_DEVICE_FAMILY = "1,2";
			};
			name = Debug;
		};
		F9FD38752BDF052B00AE2A9E /* Release */ = {
			isa = XCBuildConfiguration;
			buildSettings = {
				ASSETCATALOG_COMPILER_APPICON_NAME = AppIcon;
				ASSETCATALOG_COMPILER_GLOBAL_ACCENT_COLOR_NAME = AccentColor;
				CODE_SIGN_ENTITLEMENTS = "Balatro Helper/Balatro_Helper.entitlements";
				CODE_SIGN_STYLE = Automatic;
				CURRENT_PROJECT_VERSION = 1;
				DEVELOPMENT_ASSET_PATHS = "\"Balatro Helper/Preview Content\"";
				DEVELOPMENT_TEAM = M2A5Q8WGD8;
				ENABLE_HARDENED_RUNTIME = YES;
				ENABLE_PREVIEWS = YES;
				GENERATE_INFOPLIST_FILE = YES;
				"INFOPLIST_KEY_UIApplicationSceneManifest_Generation[sdk=iphoneos*]" = YES;
				"INFOPLIST_KEY_UIApplicationSceneManifest_Generation[sdk=iphonesimulator*]" = YES;
				"INFOPLIST_KEY_UIApplicationSupportsIndirectInputEvents[sdk=iphoneos*]" = YES;
				"INFOPLIST_KEY_UIApplicationSupportsIndirectInputEvents[sdk=iphonesimulator*]" = YES;
				"INFOPLIST_KEY_UILaunchScreen_Generation[sdk=iphoneos*]" = YES;
				"INFOPLIST_KEY_UILaunchScreen_Generation[sdk=iphonesimulator*]" = YES;
				"INFOPLIST_KEY_UIStatusBarStyle[sdk=iphoneos*]" = UIStatusBarStyleDefault;
				"INFOPLIST_KEY_UIStatusBarStyle[sdk=iphonesimulator*]" = UIStatusBarStyleDefault;
				INFOPLIST_KEY_UISupportedInterfaceOrientations_iPad = "UIInterfaceOrientationPortrait UIInterfaceOrientationPortraitUpsideDown UIInterfaceOrientationLandscapeLeft UIInterfaceOrientationLandscapeRight";
				INFOPLIST_KEY_UISupportedInterfaceOrientations_iPhone = "UIInterfaceOrientationPortrait UIInterfaceOrientationLandscapeLeft UIInterfaceOrientationLandscapeRight";
				IPHONEOS_DEPLOYMENT_TARGET = 17.4;
				LD_RUNPATH_SEARCH_PATHS = "@executable_path/Frameworks";
				"LD_RUNPATH_SEARCH_PATHS[sdk=macosx*]" = "@executable_path/../Frameworks";
				MACOSX_DEPLOYMENT_TARGET = 14.1;
				MARKETING_VERSION = 1.0;
				PRODUCT_BUNDLE_IDENTIFIER = "com.rickb.Balatro-Helper";
				PRODUCT_NAME = "$(TARGET_NAME)";
				SDKROOT = auto;
				SUPPORTED_PLATFORMS = "iphoneos iphonesimulator macosx";
				SWIFT_EMIT_LOC_STRINGS = YES;
				SWIFT_VERSION = 5.0;
				TARGETED_DEVICE_FAMILY = "1,2";
			};
			name = Release;
		};
/* End XCBuildConfiguration section */

/* Begin XCConfigurationList section */
		F9FA18B32BDF18EE00642403 /* Build configuration list for PBXNativeTarget "Balatro HelperTests" */ = {
			isa = XCConfigurationList;
			buildConfigurations = (
				F9FA18B12BDF18EE00642403 /* Debug */,
				F9FA18B22BDF18EE00642403 /* Release */,
			);
			defaultConfigurationIsVisible = 0;
			defaultConfigurationName = Release;
		};
		F9FD385F2BDF052A00AE2A9E /* Build configuration list for PBXProject "Balatro Helper" */ = {
			isa = XCConfigurationList;
			buildConfigurations = (
				F9FD38712BDF052B00AE2A9E /* Debug */,
				F9FD38722BDF052B00AE2A9E /* Release */,
			);
			defaultConfigurationIsVisible = 0;
			defaultConfigurationName = Release;
		};
		F9FD38732BDF052B00AE2A9E /* Build configuration list for PBXNativeTarget "Balatro Helper" */ = {
			isa = XCConfigurationList;
			buildConfigurations = (
				F9FD38742BDF052B00AE2A9E /* Debug */,
				F9FD38752BDF052B00AE2A9E /* Release */,
			);
			defaultConfigurationIsVisible = 0;
			defaultConfigurationName = Release;
		};
/* End XCConfigurationList section */

/* Begin XCRemoteSwiftPackageReference section */
		F9BEEF402BE602A300378DD9 /* XCRemoteSwiftPackageReference "LuaSwift" */ = {
			isa = XCRemoteSwiftPackageReference;
			repositoryURL = "https://github.com/tomsci/LuaSwift";
			requirement = {
				kind = upToNextMajorVersion;
				minimumVersion = 0.3.0;
			};
		};
/* End XCRemoteSwiftPackageReference section */

/* Begin XCSwiftPackageProductDependency section */
		F9BEEF422BE602C700378DD9 /* Lua */ = {
			isa = XCSwiftPackageProductDependency;
			package = F9BEEF402BE602A300378DD9 /* XCRemoteSwiftPackageReference "LuaSwift" */;
			productName = Lua;
		};
/* End XCSwiftPackageProductDependency section */
	};
	rootObject = F9FD385C2BDF052A00AE2A9E /* Project object */;
}
